PODS:
  - PagingMenuController (2.2.0)
  - Savory (0.1.1)
  - SnapKit (4.0.0)
  - SwiftHEXColors (1.1.1)
  - SwiftIcons (2.0.1)
  - TimelineTableViewCell (1.2)
  - UIFontComplete (3.0.0)

DEPENDENCIES:
  - PagingMenuController
  - Savory (from `https://github.com/Nandiin/Savory.git`)
  - SnapKit (~> 4.0.0)
  - SwiftHEXColors
  - SwiftIcons (~> 2.0.1)
  - TimelineTableViewCell
  - UIFontComplete

EXTERNAL SOURCES:
  Savory:
    :git: https://github.com/Nandiin/Savory.git

CHECKOUT OPTIONS:
  Savory:
    :commit: 3a35ad1e3e6095e6ac6ae8e2541e7fec8743081b
    :git: https://github.com/Nandiin/Savory.git

SPEC CHECKSUMS:
  PagingMenuController: 6176618987bb170096664f2da097313e45ed9c31
  Savory: 5523392d8a76d995812809ae31499d69aaa03305
  SnapKit: a42d492c16e80209130a3379f73596c3454b7694
  SwiftHEXColors: 9681e756dc78a99ae97f277165b3f5e33b087553
  SwiftIcons: e475a56ae2c2da40672dbf16061ca5dd5cee7dbb
  TimelineTableViewCell: 71a4bc787bfeb5a85083171d18b113a5f5db2be8
  UIFontComplete: 5b0f59a83308816c610164b79a2540b3520f9b72

PODFILE CHECKSUM: 3426292a655c5369e77f64a69f403195f1fc5b96

COCOAPODS: 1.4.0
