// !$*UTF8*$!
{
	archiveVersion = 1;
	classes = {
	};
	objectVersion = 48;
	objects = {

/* Begin PBXBuildFile section */
		22688077F4673C7DBE25155F /* Pods_pwcs.framework in Frameworks */ = {isa = PBXBuildFile; fileRef = C0ACD84074B85E23755767CE /* Pods_pwcs.framework */; };
		CF001EED2013D4CB00EF7EAD /* Speaker.swift in Sources */ = {isa = PBXBuildFile; fileRef = CF001EEC2013D4CB00EF7EAD /* Speaker.swift */; };
		CF001EEF2013DCDE00EF7EAD /* DataServices.swift in Sources */ = {isa = PBXBuildFile; fileRef = CF001EEE2013DCDE00EF7EAD /* DataServices.swift */; };
		CF001EF12013E0A300EF7EAD /* Panel.swift in Sources */ = {isa = PBXBuildFile; fileRef = CF001EF02013E0A300EF7EAD /* Panel.swift */; };
		CF001F0120144EBE00EF7EAD /* Event.swift in Sources */ = {isa = PBXBuildFile; fileRef = CF001F0020144EBE00EF7EAD /* Event.swift */; };
		CF12E9B620571BCE0069C71D /* PanelTitleCell.swift in Sources */ = {isa = PBXBuildFile; fileRef = CF12E9B520571BCE0069C71D /* PanelTitleCell.swift */; };
		CF12E9B820571BE20069C71D /* PanelSpeakerCell.swift in Sources */ = {isa = PBXBuildFile; fileRef = CF12E9B720571BE20069C71D /* PanelSpeakerCell.swift */; };
		CF12E9BA20571C150069C71D /* PanelMapCell.swift in Sources */ = {isa = PBXBuildFile; fileRef = CF12E9B920571C150069C71D /* PanelMapCell.swift */; };
		CF2E6A22201152D3004FA9E9 /* SpeakerCell.swift in Sources */ = {isa = PBXBuildFile; fileRef = CF2E6A21201152D3004FA9E9 /* SpeakerCell.swift */; };
		CF2E6A2420115319004FA9E9 /* EventCell.swift in Sources */ = {isa = PBXBuildFile; fileRef = CF2E6A2320115319004FA9E9 /* EventCell.swift */; };
		CF573C3B200C71F400A980CC /* AppDelegate.swift in Sources */ = {isa = PBXBuildFile; fileRef = CF573C3A200C71F400A980CC /* AppDelegate.swift */; };
		CF573C42200C71F400A980CC /* Assets.xcassets in Resources */ = {isa = PBXBuildFile; fileRef = CF573C41200C71F400A980CC /* Assets.xcassets */; };
		CF573C45200C71F400A980CC /* LaunchScreen.storyboard in Resources */ = {isa = PBXBuildFile; fileRef = CF573C43200C71F400A980CC /* LaunchScreen.storyboard */; };
		CF573C51200C73C200A980CC /* MainTabBarController.swift in Sources */ = {isa = PBXBuildFile; fileRef = CF573C50200C73C200A980CC /* MainTabBarController.swift */; };
		CF573C53200C74BF00A980CC /* AgendaVC.swift in Sources */ = {isa = PBXBuildFile; fileRef = CF573C52200C74BF00A980CC /* AgendaVC.swift */; };
		CF573C55200C74DB00A980CC /* SpeakersVC.swift in Sources */ = {isa = PBXBuildFile; fileRef = CF573C54200C74DB00A980CC /* SpeakersVC.swift */; };
		CF573C57200C750700A980CC /* HelpVC.swift in Sources */ = {isa = PBXBuildFile; fileRef = CF573C56200C750700A980CC /* HelpVC.swift */; };
		CF573C59200C768400A980CC /* Main.storyboard in Resources */ = {isa = PBXBuildFile; fileRef = CF573C58200C768400A980CC /* Main.storyboard */; };
		CF573C63200C889300A980CC /* FaqVC.swift in Sources */ = {isa = PBXBuildFile; fileRef = CF573C62200C889300A980CC /* FaqVC.swift */; };
		CF573C69200C9CE500A980CC /* ScheduleVC.swift in Sources */ = {isa = PBXBuildFile; fileRef = CF573C68200C9CE500A980CC /* ScheduleVC.swift */; };
		CF573C6B200C9D1300A980CC /* EventsVC.swift in Sources */ = {isa = PBXBuildFile; fileRef = CF573C6A200C9D1300A980CC /* EventsVC.swift */; };
		CF573C6D200C9D4000A980CC /* PanelsVC.swift in Sources */ = {isa = PBXBuildFile; fileRef = CF573C6C200C9D4000A980CC /* PanelsVC.swift */; };
		CF573C6F200C9D7600A980CC /* PanelVC.swift in Sources */ = {isa = PBXBuildFile; fileRef = CF573C6E200C9D7600A980CC /* PanelVC.swift */; };
		CF573C72200C9DE900A980CC /* EventVC.swift in Sources */ = {isa = PBXBuildFile; fileRef = CF573C71200C9DE900A980CC /* EventVC.swift */; };
		CF573C74200C9E1600A980CC /* SpeakerVC.swift in Sources */ = {isa = PBXBuildFile; fileRef = CF573C73200C9E1600A980CC /* SpeakerVC.swift */; };
		CF85C49C200CA16F008B02CB /* SpeakersListVC.swift in Sources */ = {isa = PBXBuildFile; fileRef = CF85C49B200CA16F008B02CB /* SpeakersListVC.swift */; };
		CF85C4A0200D0921008B02CB /* PanelCell.swift in Sources */ = {isa = PBXBuildFile; fileRef = CF85C49F200D0921008B02CB /* PanelCell.swift */; };
		CF8E1283204F23A300247531 /* AboutVC.swift in Sources */ = {isa = PBXBuildFile; fileRef = CF8E1282204F23A300247531 /* AboutVC.swift */; };
		CF95B7BE206FED76004080F7 /* Localizable.strings in Resources */ = {isa = PBXBuildFile; fileRef = CF95B7C0206FED76004080F7 /* Localizable.strings */; };
		CFB63E8E2060A4E200777368 /* TimelinesVC.swift in Sources */ = {isa = PBXBuildFile; fileRef = CFB63E8D2060A4E200777368 /* TimelinesVC.swift */; };
		CFDB06F2205C471200938500 /* SpeakerDetailsCell.swift in Sources */ = {isa = PBXBuildFile; fileRef = CFDB06F1205C471200938500 /* SpeakerDetailsCell.swift */; };
		CFDB06F4205C58E600938500 /* EventTitleCell.swift in Sources */ = {isa = PBXBuildFile; fileRef = CFDB06F3205C58E600938500 /* EventTitleCell.swift */; };
		CFDB06F6205C58F800938500 /* EventMapCell.swift in Sources */ = {isa = PBXBuildFile; fileRef = CFDB06F5205C58F800938500 /* EventMapCell.swift */; };
/* End PBXBuildFile section */

/* Begin PBXFileReference section */
		24C3D2D22A99D0A9B411D38F /* Pods-pwcs.debug.xcconfig */ = {isa = PBXFileReference; includeInIndex = 1; lastKnownFileType = text.xcconfig; name = "Pods-pwcs.debug.xcconfig"; path = "Pods/Target Support Files/Pods-pwcs/Pods-pwcs.debug.xcconfig"; sourceTree = "<group>"; };
		962FD34CD960603B63DAF917 /* Pods-pwcs.release.xcconfig */ = {isa = PBXFileReference; includeInIndex = 1; lastKnownFileType = text.xcconfig; name = "Pods-pwcs.release.xcconfig"; path = "Pods/Target Support Files/Pods-pwcs/Pods-pwcs.release.xcconfig"; sourceTree = "<group>"; };
		C0ACD84074B85E23755767CE /* Pods_pwcs.framework */ = {isa = PBXFileReference; explicitFileType = wrapper.framework; includeInIndex = 0; path = Pods_pwcs.framework; sourceTree = BUILT_PRODUCTS_DIR; };
		CF001EEC2013D4CB00EF7EAD /* Speaker.swift */ = {isa = PBXFileReference; lastKnownFileType = sourcecode.swift; path = Speaker.swift; sourceTree = "<group>"; };
		CF001EEE2013DCDE00EF7EAD /* DataServices.swift */ = {isa = PBXFileReference; lastKnownFileType = sourcecode.swift; path = DataServices.swift; sourceTree = "<group>"; };
		CF001EF02013E0A300EF7EAD /* Panel.swift */ = {isa = PBXFileReference; lastKnownFileType = sourcecode.swift; path = Panel.swift; sourceTree = "<group>"; };
		CF001F0020144EBE00EF7EAD /* Event.swift */ = {isa = PBXFileReference; lastKnownFileType = sourcecode.swift; path = Event.swift; sourceTree = "<group>"; };
		CF12E9B520571BCE0069C71D /* PanelTitleCell.swift */ = {isa = PBXFileReference; lastKnownFileType = sourcecode.swift; path = PanelTitleCell.swift; sourceTree = "<group>"; };
		CF12E9B720571BE20069C71D /* PanelSpeakerCell.swift */ = {isa = PBXFileReference; lastKnownFileType = sourcecode.swift; path = PanelSpeakerCell.swift; sourceTree = "<group>"; };
		CF12E9B920571C150069C71D /* PanelMapCell.swift */ = {isa = PBXFileReference; lastKnownFileType = sourcecode.swift; path = PanelMapCell.swift; sourceTree = "<group>"; };
		CF2E6A21201152D3004FA9E9 /* SpeakerCell.swift */ = {isa = PBXFileReference; lastKnownFileType = sourcecode.swift; path = SpeakerCell.swift; sourceTree = "<group>"; };
		CF2E6A2320115319004FA9E9 /* EventCell.swift */ = {isa = PBXFileReference; lastKnownFileType = sourcecode.swift; path = EventCell.swift; sourceTree = "<group>"; };
		CF573C37200C71F400A980CC /* pwcs.app */ = {isa = PBXFileReference; explicitFileType = wrapper.application; includeInIndex = 0; path = pwcs.app; sourceTree = BUILT_PRODUCTS_DIR; };
		CF573C3A200C71F400A980CC /* AppDelegate.swift */ = {isa = PBXFileReference; lastKnownFileType = sourcecode.swift; path = AppDelegate.swift; sourceTree = "<group>"; };
		CF573C41200C71F400A980CC /* Assets.xcassets */ = {isa = PBXFileReference; lastKnownFileType = folder.assetcatalog; path = Assets.xcassets; sourceTree = "<group>"; };
		CF573C44200C71F400A980CC /* Base */ = {isa = PBXFileReference; lastKnownFileType = file.storyboard; name = Base; path = Base.lproj/LaunchScreen.storyboard; sourceTree = "<group>"; };
		CF573C46200C71F400A980CC /* Info.plist */ = {isa = PBXFileReference; lastKnownFileType = text.plist.xml; path = Info.plist; sourceTree = "<group>"; };
		CF573C50200C73C200A980CC /* MainTabBarController.swift */ = {isa = PBXFileReference; lastKnownFileType = sourcecode.swift; path = MainTabBarController.swift; sourceTree = "<group>"; };
		CF573C52200C74BF00A980CC /* AgendaVC.swift */ = {isa = PBXFileReference; lastKnownFileType = sourcecode.swift; path = AgendaVC.swift; sourceTree = "<group>"; };
		CF573C54200C74DB00A980CC /* SpeakersVC.swift */ = {isa = PBXFileReference; lastKnownFileType = sourcecode.swift; path = SpeakersVC.swift; sourceTree = "<group>"; };
		CF573C56200C750700A980CC /* HelpVC.swift */ = {isa = PBXFileReference; lastKnownFileType = sourcecode.swift; path = HelpVC.swift; sourceTree = "<group>"; };
		CF573C58200C768400A980CC /* Main.storyboard */ = {isa = PBXFileReference; fileEncoding = 4; lastKnownFileType = file.storyboard; path = Main.storyboard; sourceTree = "<group>"; };
		CF573C62200C889300A980CC /* FaqVC.swift */ = {isa = PBXFileReference; lastKnownFileType = sourcecode.swift; path = FaqVC.swift; sourceTree = "<group>"; };
		CF573C68200C9CE500A980CC /* ScheduleVC.swift */ = {isa = PBXFileReference; lastKnownFileType = sourcecode.swift; path = ScheduleVC.swift; sourceTree = "<group>"; };
		CF573C6A200C9D1300A980CC /* EventsVC.swift */ = {isa = PBXFileReference; lastKnownFileType = sourcecode.swift; path = EventsVC.swift; sourceTree = "<group>"; };
		CF573C6C200C9D4000A980CC /* PanelsVC.swift */ = {isa = PBXFileReference; lastKnownFileType = sourcecode.swift; path = PanelsVC.swift; sourceTree = "<group>"; };
		CF573C6E200C9D7600A980CC /* PanelVC.swift */ = {isa = PBXFileReference; lastKnownFileType = sourcecode.swift; path = PanelVC.swift; sourceTree = "<group>"; };
		CF573C71200C9DE900A980CC /* EventVC.swift */ = {isa = PBXFileReference; lastKnownFileType = sourcecode.swift; path = EventVC.swift; sourceTree = "<group>"; };
		CF573C73200C9E1600A980CC /* SpeakerVC.swift */ = {isa = PBXFileReference; lastKnownFileType = sourcecode.swift; path = SpeakerVC.swift; sourceTree = "<group>"; };
		CF85C49B200CA16F008B02CB /* SpeakersListVC.swift */ = {isa = PBXFileReference; lastKnownFileType = sourcecode.swift; path = SpeakersListVC.swift; sourceTree = "<group>"; };
		CF85C49F200D0921008B02CB /* PanelCell.swift */ = {isa = PBXFileReference; lastKnownFileType = sourcecode.swift; path = PanelCell.swift; sourceTree = "<group>"; };
		CF8E1282204F23A300247531 /* AboutVC.swift */ = {isa = PBXFileReference; lastKnownFileType = sourcecode.swift; path = AboutVC.swift; sourceTree = "<group>"; };
		CF95B7BF206FED76004080F7 /* en */ = {isa = PBXFileReference; lastKnownFileType = text.plist.strings; name = en; path = en.lproj/Localizable.strings; sourceTree = "<group>"; };
		CF95B7C1206FEDBA004080F7 /* zh-Hans */ = {isa = PBXFileReference; lastKnownFileType = text.plist.strings; name = "zh-Hans"; path = "zh-Hans.lproj/LaunchScreen.strings"; sourceTree = "<group>"; };
		CF95B7C2206FEDBA004080F7 /* zh-Hans */ = {isa = PBXFileReference; lastKnownFileType = text.plist.strings; name = "zh-Hans"; path = "zh-Hans.lproj/Localizable.strings"; sourceTree = "<group>"; };
		CFB63E8D2060A4E200777368 /* TimelinesVC.swift */ = {isa = PBXFileReference; lastKnownFileType = sourcecode.swift; path = TimelinesVC.swift; sourceTree = "<group>"; };
		CFDB06F1205C471200938500 /* SpeakerDetailsCell.swift */ = {isa = PBXFileReference; lastKnownFileType = sourcecode.swift; path = SpeakerDetailsCell.swift; sourceTree = "<group>"; };
		CFDB06F3205C58E600938500 /* EventTitleCell.swift */ = {isa = PBXFileReference; lastKnownFileType = sourcecode.swift; path = EventTitleCell.swift; sourceTree = "<group>"; };
		CFDB06F5205C58F800938500 /* EventMapCell.swift */ = {isa = PBXFileReference; lastKnownFileType = sourcecode.swift; path = EventMapCell.swift; sourceTree = "<group>"; };
/* End PBXFileReference section */

/* Begin PBXFrameworksBuildPhase section */
		CF573C34200C71F400A980CC /* Frameworks */ = {
			isa = PBXFrameworksBuildPhase;
			buildActionMask = 2147483647;
			files = (
				22688077F4673C7DBE25155F /* Pods_pwcs.framework in Frameworks */,
			);
			runOnlyForDeploymentPostprocessing = 0;
		};
/* End PBXFrameworksBuildPhase section */

/* Begin PBXGroup section */
		0E4F966617299BCFAD045636 /* Pods */ = {
			isa = PBXGroup;
			children = (
				24C3D2D22A99D0A9B411D38F /* Pods-pwcs.debug.xcconfig */,
				962FD34CD960603B63DAF917 /* Pods-pwcs.release.xcconfig */,
			);
			name = Pods;
			sourceTree = "<group>";
		};
		5889280D17B57B13BD8FF2C1 /* Frameworks */ = {
			isa = PBXGroup;
			children = (
				C0ACD84074B85E23755767CE /* Pods_pwcs.framework */,
			);
			name = Frameworks;
			sourceTree = "<group>";
		};
		CF573C2E200C71F400A980CC = {
			isa = PBXGroup;
			children = (
				CF573C39200C71F400A980CC /* pwcs */,
				CF573C38200C71F400A980CC /* Products */,
				0E4F966617299BCFAD045636 /* Pods */,
				5889280D17B57B13BD8FF2C1 /* Frameworks */,
			);
			sourceTree = "<group>";
		};
		CF573C38200C71F400A980CC /* Products */ = {
			isa = PBXGroup;
			children = (
				CF573C37200C71F400A980CC /* pwcs.app */,
			);
			name = Products;
			sourceTree = "<group>";
		};
		CF573C39200C71F400A980CC /* pwcs */ = {
			isa = PBXGroup;
			children = (
				CF573C4F200C72AF00A980CC /* Services */,
				CF573C4E200C72A900A980CC /* Controllers */,
				CF573C4D200C72A300A980CC /* Views */,
				CF573C4C200C728E00A980CC /* Models */,
				CF573C3A200C71F400A980CC /* AppDelegate.swift */,
				CF573C58200C768400A980CC /* Main.storyboard */,
				CF573C41200C71F400A980CC /* Assets.xcassets */,
				CF573C43200C71F400A980CC /* LaunchScreen.storyboard */,
				CF573C46200C71F400A980CC /* Info.plist */,
				CF95B7C0206FED76004080F7 /* Localizable.strings */,
			);
			path = pwcs;
			sourceTree = "<group>";
		};
		CF573C4C200C728E00A980CC /* Models */ = {
			isa = PBXGroup;
			children = (
				CF001EEC2013D4CB00EF7EAD /* Speaker.swift */,
				CF001EF02013E0A300EF7EAD /* Panel.swift */,
				CF001F0020144EBE00EF7EAD /* Event.swift */,
			);
			path = Models;
			sourceTree = "<group>";
		};
		CF573C4D200C72A300A980CC /* Views */ = {
			isa = PBXGroup;
			children = (
				CF85C49F200D0921008B02CB /* PanelCell.swift */,
				CF2E6A21201152D3004FA9E9 /* SpeakerCell.swift */,
				CF2E6A2320115319004FA9E9 /* EventCell.swift */,
				CF12E9B520571BCE0069C71D /* PanelTitleCell.swift */,
				CF12E9B720571BE20069C71D /* PanelSpeakerCell.swift */,
				CF12E9B920571C150069C71D /* PanelMapCell.swift */,
				CFDB06F1205C471200938500 /* SpeakerDetailsCell.swift */,
				CFDB06F3205C58E600938500 /* EventTitleCell.swift */,
				CFDB06F5205C58F800938500 /* EventMapCell.swift */,
			);
			path = Views;
			sourceTree = "<group>";
		};
		CF573C4E200C72A900A980CC /* Controllers */ = {
			isa = PBXGroup;
			children = (
				CF573C70200C9D7D00A980CC /* Details */,
				CF573C67200C9CA100A980CC /* Pages */,
				CF573C66200C9C7700A980CC /* Tabs */,
				CF573C50200C73C200A980CC /* MainTabBarController.swift */,
			);
			path = Controllers;
			sourceTree = "<group>";
		};
		CF573C4F200C72AF00A980CC /* Services */ = {
			isa = PBXGroup;
			children = (
				CF001EEE2013DCDE00EF7EAD /* DataServices.swift */,
			);
			path = Services;
			sourceTree = "<group>";
		};
		CF573C66200C9C7700A980CC /* Tabs */ = {
			isa = PBXGroup;
			children = (
				CF573C52200C74BF00A980CC /* AgendaVC.swift */,
				CF573C54200C74DB00A980CC /* SpeakersVC.swift */,
				CF573C56200C750700A980CC /* HelpVC.swift */,
				CFB63E8D2060A4E200777368 /* TimelinesVC.swift */,
			);
			path = Tabs;
			sourceTree = "<group>";
		};
		CF573C67200C9CA100A980CC /* Pages */ = {
			isa = PBXGroup;
			children = (
				CF573C62200C889300A980CC /* FaqVC.swift */,
				CF573C68200C9CE500A980CC /* ScheduleVC.swift */,
				CF573C6A200C9D1300A980CC /* EventsVC.swift */,
				CF573C6C200C9D4000A980CC /* PanelsVC.swift */,
				CF85C49B200CA16F008B02CB /* SpeakersListVC.swift */,
				CF8E1282204F23A300247531 /* AboutVC.swift */,
			);
			path = Pages;
			sourceTree = "<group>";
		};
		CF573C70200C9D7D00A980CC /* Details */ = {
			isa = PBXGroup;
			children = (
				CF573C6E200C9D7600A980CC /* PanelVC.swift */,
				CF573C71200C9DE900A980CC /* EventVC.swift */,
				CF573C73200C9E1600A980CC /* SpeakerVC.swift */,
			);
			path = Details;
			sourceTree = "<group>";
		};
/* End PBXGroup section */

/* Begin PBXNativeTarget section */
		CF573C36200C71F400A980CC /* pwcs */ = {
			isa = PBXNativeTarget;
			buildConfigurationList = CF573C49200C71F400A980CC /* Build configuration list for PBXNativeTarget "pwcs" */;
			buildPhases = (
				E721D11F016B232C768AA422 /* [CP] Check Pods Manifest.lock */,
				CF573C33200C71F400A980CC /* Sources */,
				CF573C34200C71F400A980CC /* Frameworks */,
				CF573C35200C71F400A980CC /* Resources */,
				E522D56DB1B2DBCC2C166FCF /* [CP] Embed Pods Frameworks */,
				9E2D3F07D0F2E73E3B5204C3 /* [CP] Copy Pods Resources */,
			);
			buildRules = (
			);
			dependencies = (
			);
			name = pwcs;
			productName = pwcs;
			productReference = CF573C37200C71F400A980CC /* pwcs.app */;
			productType = "com.apple.product-type.application";
		};
/* End PBXNativeTarget section */

/* Begin PBXProject section */
		CF573C2F200C71F400A980CC /* Project object */ = {
			isa = PBXProject;
			attributes = {
				LastSwiftUpdateCheck = 0920;
				LastUpgradeCheck = 0920;
				ORGANIZATIONNAME = "Zhilei Zheng";
				TargetAttributes = {
					CF573C36200C71F400A980CC = {
						CreatedOnToolsVersion = 9.2;
						ProvisioningStyle = Automatic;
					};
				};
			};
			buildConfigurationList = CF573C32200C71F400A980CC /* Build configuration list for PBXProject "pwcs" */;
			compatibilityVersion = "Xcode 8.0";
			developmentRegion = en;
			hasScannedForEncodings = 0;
			knownRegions = (
				en,
				Base,
				"zh-Hans",
			);
			mainGroup = CF573C2E200C71F400A980CC;
			productRefGroup = CF573C38200C71F400A980CC /* Products */;
			projectDirPath = "";
			projectRoot = "";
			targets = (
				CF573C36200C71F400A980CC /* pwcs */,
			);
		};
/* End PBXProject section */

/* Begin PBXResourcesBuildPhase section */
		CF573C35200C71F400A980CC /* Resources */ = {
			isa = PBXResourcesBuildPhase;
			buildActionMask = 2147483647;
			files = (
				CF573C59200C768400A980CC /* Main.storyboard in Resources */,
				CF95B7BE206FED76004080F7 /* Localizable.strings in Resources */,
				CF573C45200C71F400A980CC /* LaunchScreen.storyboard in Resources */,
				CF573C42200C71F400A980CC /* Assets.xcassets in Resources */,
			);
			runOnlyForDeploymentPostprocessing = 0;
		};
/* End PBXResourcesBuildPhase section */

/* Begin PBXShellScriptBuildPhase section */
		9E2D3F07D0F2E73E3B5204C3 /* [CP] Copy Pods Resources */ = {
			isa = PBXShellScriptBuildPhase;
			buildActionMask = 2147483647;
			files = (
			);
			inputPaths = (
			);
			name = "[CP] Copy Pods Resources";
			outputPaths = (
			);
			runOnlyForDeploymentPostprocessing = 0;
			shellPath = /bin/sh;
			shellScript = "\"${SRCROOT}/Pods/Target Support Files/Pods-pwcs/Pods-pwcs-resources.sh\"\n";
			showEnvVarsInLog = 0;
		};
		E522D56DB1B2DBCC2C166FCF /* [CP] Embed Pods Frameworks */ = {
			isa = PBXShellScriptBuildPhase;
			buildActionMask = 2147483647;
			files = (
			);
			inputPaths = (
				"${SRCROOT}/Pods/Target Support Files/Pods-pwcs/Pods-pwcs-frameworks.sh",
				"${BUILT_PRODUCTS_DIR}/AEAccordion/AEAccordion.framework",
				"${BUILT_PRODUCTS_DIR}/ExpandableCell/ExpandableCell.framework",
				"${BUILT_PRODUCTS_DIR}/PagingMenuController/PagingMenuController.framework",
				"${BUILT_PRODUCTS_DIR}/Savory/Savory.framework",
				"${BUILT_PRODUCTS_DIR}/SnapKit/SnapKit.framework",
				"${BUILT_PRODUCTS_DIR}/SwiftHEXColors/SwiftHEXColors.framework",
				"${BUILT_PRODUCTS_DIR}/SwiftIcons/SwiftIcons.framework",
				"${BUILT_PRODUCTS_DIR}/TimelineTableViewCell/TimelineTableViewCell.framework",
				"${BUILT_PRODUCTS_DIR}/UIFontComplete/UIFontComplete.framework",
			);
			name = "[CP] Embed Pods Frameworks";
			outputPaths = (
				"${TARGET_BUILD_DIR}/${FRAMEWORKS_FOLDER_PATH}/AEAccordion.framework",
				"${TARGET_BUILD_DIR}/${FRAMEWORKS_FOLDER_PATH}/ExpandableCell.framework",
				"${TARGET_BUILD_DIR}/${FRAMEWORKS_FOLDER_PATH}/PagingMenuController.framework",
				"${TARGET_BUILD_DIR}/${FRAMEWORKS_FOLDER_PATH}/Savory.framework",
				"${TARGET_BUILD_DIR}/${FRAMEWORKS_FOLDER_PATH}/SnapKit.framework",
				"${TARGET_BUILD_DIR}/${FRAMEWORKS_FOLDER_PATH}/SwiftHEXColors.framework",
				"${TARGET_BUILD_DIR}/${FRAMEWORKS_FOLDER_PATH}/SwiftIcons.framework",
				"${TARGET_BUILD_DIR}/${FRAMEWORKS_FOLDER_PATH}/TimelineTableViewCell.framework",
				"${TARGET_BUILD_DIR}/${FRAMEWORKS_FOLDER_PATH}/UIFontComplete.framework",
			);
			runOnlyForDeploymentPostprocessing = 0;
			shellPath = /bin/sh;
			shellScript = "\"${SRCROOT}/Pods/Target Support Files/Pods-pwcs/Pods-pwcs-frameworks.sh\"\n";
			showEnvVarsInLog = 0;
		};
		E721D11F016B232C768AA422 /* [CP] Check Pods Manifest.lock */ = {
			isa = PBXShellScriptBuildPhase;
			buildActionMask = 2147483647;
			files = (
			);
			inputPaths = (
				"${PODS_PODFILE_DIR_PATH}/Podfile.lock",
				"${PODS_ROOT}/Manifest.lock",
			);
			name = "[CP] Check Pods Manifest.lock";
			outputPaths = (
				"$(DERIVED_FILE_DIR)/Pods-pwcs-checkManifestLockResult.txt",
			);
			runOnlyForDeploymentPostprocessing = 0;
			shellPath = /bin/sh;
			shellScript = "diff \"${PODS_PODFILE_DIR_PATH}/Podfile.lock\" \"${PODS_ROOT}/Manifest.lock\" > /dev/null\nif [ $? != 0 ] ; then\n    # print error to STDERR\n    echo \"error: The sandbox is not in sync with the Podfile.lock. Run 'pod install' or update your CocoaPods installation.\" >&2\n    exit 1\nfi\n# This output is used by Xcode 'outputs' to avoid re-running this script phase.\necho \"SUCCESS\" > \"${SCRIPT_OUTPUT_FILE_0}\"\n";
			showEnvVarsInLog = 0;
		};
/* End PBXShellScriptBuildPhase section */

/* Begin PBXSourcesBuildPhase section */
		CF573C33200C71F400A980CC /* Sources */ = {
			isa = PBXSourcesBuildPhase;
			buildActionMask = 2147483647;
			files = (
				CF85C49C200CA16F008B02CB /* SpeakersListVC.swift in Sources */,
				CF573C3B200C71F400A980CC /* AppDelegate.swift in Sources */,
				CF573C6B200C9D1300A980CC /* EventsVC.swift in Sources */,
				CF573C57200C750700A980CC /* HelpVC.swift in Sources */,
				CF001F0120144EBE00EF7EAD /* Event.swift in Sources */,
				CF12E9B820571BE20069C71D /* PanelSpeakerCell.swift in Sources */,
				CF573C51200C73C200A980CC /* MainTabBarController.swift in Sources */,
				CFB63E8E2060A4E200777368 /* TimelinesVC.swift in Sources */,
				CF2E6A2420115319004FA9E9 /* EventCell.swift in Sources */,
				CF001EF12013E0A300EF7EAD /* Panel.swift in Sources */,
				CFDB06F4205C58E600938500 /* EventTitleCell.swift in Sources */,
				CF573C74200C9E1600A980CC /* SpeakerVC.swift in Sources */,
				CF573C63200C889300A980CC /* FaqVC.swift in Sources */,
				CF2E6A22201152D3004FA9E9 /* SpeakerCell.swift in Sources */,
				CF001EEF2013DCDE00EF7EAD /* DataServices.swift in Sources */,
				CFDB06F2205C471200938500 /* SpeakerDetailsCell.swift in Sources */,
				CF573C69200C9CE500A980CC /* ScheduleVC.swift in Sources */,
				CF85C4A0200D0921008B02CB /* PanelCell.swift in Sources */,
				CFDB06F6205C58F800938500 /* EventMapCell.swift in Sources */,
				CF8E1283204F23A300247531 /* AboutVC.swift in Sources */,
				CF12E9B620571BCE0069C71D /* PanelTitleCell.swift in Sources */,
				CF573C55200C74DB00A980CC /* SpeakersVC.swift in Sources */,
				CF573C53200C74BF00A980CC /* AgendaVC.swift in Sources */,
				CF12E9BA20571C150069C71D /* PanelMapCell.swift in Sources */,
				CF573C6F200C9D7600A980CC /* PanelVC.swift in Sources */,
				CF001EED2013D4CB00EF7EAD /* Speaker.swift in Sources */,
				CF573C72200C9DE900A980CC /* EventVC.swift in Sources */,
				CF573C6D200C9D4000A980CC /* PanelsVC.swift in Sources */,
			);
			runOnlyForDeploymentPostprocessing = 0;
		};
/* End PBXSourcesBuildPhase section */

/* Begin PBXVariantGroup section */
		CF573C43200C71F400A980CC /* LaunchScreen.storyboard */ = {
			isa = PBXVariantGroup;
			children = (
				CF573C44200C71F400A980CC /* Base */,
				CF95B7C1206FEDBA004080F7 /* zh-Hans */,
			);
			name = LaunchScreen.storyboard;
			sourceTree = "<group>";
		};
		CF95B7C0206FED76004080F7 /* Localizable.strings */ = {
			isa = PBXVariantGroup;
			children = (
				CF95B7BF206FED76004080F7 /* en */,
				CF95B7C2206FEDBA004080F7 /* zh-Hans */,
			);
			name = Localizable.strings;
			sourceTree = "<group>";
		};
/* End PBXVariantGroup section */

/* Begin XCBuildConfiguration section */
		CF573C47200C71F400A980CC /* Debug */ = {
			isa = XCBuildConfiguration;
			buildSettings = {
				ALWAYS_SEARCH_USER_PATHS = NO;
				CLANG_ANALYZER_LOCALIZABILITY_NONLOCALIZED = YES;
				CLANG_ANALYZER_NONNULL = YES;
				CLANG_ANALYZER_NUMBER_OBJECT_CONVERSION = YES_AGGRESSIVE;
				CLANG_CXX_LANGUAGE_STANDARD = "gnu++14";
				CLANG_CXX_LIBRARY = "libc++";
				CLANG_ENABLE_MODULES = YES;
				CLANG_ENABLE_OBJC_ARC = YES;
				CLANG_WARN_BLOCK_CAPTURE_AUTORELEASING = YES;
				CLANG_WARN_BOOL_CONVERSION = YES;
				CLANG_WARN_COMMA = YES;
				CLANG_WARN_CONSTANT_CONVERSION = YES;
				CLANG_WARN_DIRECT_OBJC_ISA_USAGE = YES_ERROR;
				CLANG_WARN_DOCUMENTATION_COMMENTS = YES;
				CLANG_WARN_EMPTY_BODY = YES;
				CLANG_WARN_ENUM_CONVERSION = YES;
				CLANG_WARN_INFINITE_RECURSION = YES;
				CLANG_WARN_INT_CONVERSION = YES;
				CLANG_WARN_NON_LITERAL_NULL_CONVERSION = YES;
				CLANG_WARN_OBJC_LITERAL_CONVERSION = YES;
				CLANG_WARN_OBJC_ROOT_CLASS = YES_ERROR;
				CLANG_WARN_RANGE_LOOP_ANALYSIS = YES;
				CLANG_WARN_STRICT_PROTOTYPES = YES;
				CLANG_WARN_SUSPICIOUS_MOVE = YES;
				CLANG_WARN_UNGUARDED_AVAILABILITY = YES_AGGRESSIVE;
				CLANG_WARN_UNREACHABLE_CODE = YES;
				CLANG_WARN__DUPLICATE_METHOD_MATCH = YES;
				CODE_SIGN_IDENTITY = "iPhone Developer";
				COPY_PHASE_STRIP = NO;
				DEBUG_INFORMATION_FORMAT = dwarf;
				ENABLE_STRICT_OBJC_MSGSEND = YES;
				ENABLE_TESTABILITY = YES;
				GCC_C_LANGUAGE_STANDARD = gnu11;
				GCC_DYNAMIC_NO_PIC = NO;
				GCC_NO_COMMON_BLOCKS = YES;
				GCC_OPTIMIZATION_LEVEL = 0;
				GCC_PREPROCESSOR_DEFINITIONS = (
					"DEBUG=1",
					"$(inherited)",
				);
				GCC_WARN_64_TO_32_BIT_CONVERSION = YES;
				GCC_WARN_ABOUT_RETURN_TYPE = YES_ERROR;
				GCC_WARN_UNDECLARED_SELECTOR = YES;
				GCC_WARN_UNINITIALIZED_AUTOS = YES_AGGRESSIVE;
				GCC_WARN_UNUSED_FUNCTION = YES;
				GCC_WARN_UNUSED_VARIABLE = YES;
				IPHONEOS_DEPLOYMENT_TARGET = 11.2;
				MTL_ENABLE_DEBUG_INFO = YES;
				ONLY_ACTIVE_ARCH = YES;
				SDKROOT = iphoneos;
				SWIFT_ACTIVE_COMPILATION_CONDITIONS = DEBUG;
				SWIFT_OPTIMIZATION_LEVEL = "-Onone";
			};
			name = Debug;
		};
		CF573C48200C71F400A980CC /* Release */ = {
			isa = XCBuildConfiguration;
			buildSettings = {
				ALWAYS_SEARCH_USER_PATHS = NO;
				CLANG_ANALYZER_LOCALIZABILITY_NONLOCALIZED = YES;
				CLANG_ANALYZER_NONNULL = YES;
				CLANG_ANALYZER_NUMBER_OBJECT_CONVERSION = YES_AGGRESSIVE;
				CLANG_CXX_LANGUAGE_STANDARD = "gnu++14";
				CLANG_CXX_LIBRARY = "libc++";
				CLANG_ENABLE_MODULES = YES;
				CLANG_ENABLE_OBJC_ARC = YES;
				CLANG_WARN_BLOCK_CAPTURE_AUTORELEASING = YES;
				CLANG_WARN_BOOL_CONVERSION = YES;
				CLANG_WARN_COMMA = YES;
				CLANG_WARN_CONSTANT_CONVERSION = YES;
				CLANG_WARN_DIRECT_OBJC_ISA_USAGE = YES_ERROR;
				CLANG_WARN_DOCUMENTATION_COMMENTS = YES;
				CLANG_WARN_EMPTY_BODY = YES;
				CLANG_WARN_ENUM_CONVERSION = YES;
				CLANG_WARN_INFINITE_RECURSION = YES;
				CLANG_WARN_INT_CONVERSION = YES;
				CLANG_WARN_NON_LITERAL_NULL_CONVERSION = YES;
				CLANG_WARN_OBJC_LITERAL_CONVERSION = YES;
				CLANG_WARN_OBJC_ROOT_CLASS = YES_ERROR;
				CLANG_WARN_RANGE_LOOP_ANALYSIS = YES;
				CLANG_WARN_STRICT_PROTOTYPES = YES;
				CLANG_WARN_SUSPICIOUS_MOVE = YES;
				CLANG_WARN_UNGUARDED_AVAILABILITY = YES_AGGRESSIVE;
				CLANG_WARN_UNREACHABLE_CODE = YES;
				CLANG_WARN__DUPLICATE_METHOD_MATCH = YES;
				CODE_SIGN_IDENTITY = "iPhone Developer";
				COPY_PHASE_STRIP = NO;
				DEBUG_INFORMATION_FORMAT = "dwarf-with-dsym";
				ENABLE_NS_ASSERTIONS = NO;
				ENABLE_STRICT_OBJC_MSGSEND = YES;
				GCC_C_LANGUAGE_STANDARD = gnu11;
				GCC_NO_COMMON_BLOCKS = YES;
				GCC_WARN_64_TO_32_BIT_CONVERSION = YES;
				GCC_WARN_ABOUT_RETURN_TYPE = YES_ERROR;
				GCC_WARN_UNDECLARED_SELECTOR = YES;
				GCC_WARN_UNINITIALIZED_AUTOS = YES_AGGRESSIVE;
				GCC_WARN_UNUSED_FUNCTION = YES;
				GCC_WARN_UNUSED_VARIABLE = YES;
				IPHONEOS_DEPLOYMENT_TARGET = 11.2;
				MTL_ENABLE_DEBUG_INFO = NO;
				SDKROOT = iphoneos;
				SWIFT_OPTIMIZATION_LEVEL = "-Owholemodule";
				VALIDATE_PRODUCT = YES;
			};
			name = Release;
		};
		CF573C4A200C71F400A980CC /* Debug */ = {
			isa = XCBuildConfiguration;
			baseConfigurationReference = 24C3D2D22A99D0A9B411D38F /* Pods-pwcs.debug.xcconfig */;
			buildSettings = {
				ASSETCATALOG_COMPILER_APPICON_NAME = AppIcon;
				CODE_SIGN_STYLE = Automatic;
				DEVELOPMENT_TEAM = PL4U52EEV4;
				INFOPLIST_FILE = pwcs/Info.plist;
				LD_RUNPATH_SEARCH_PATHS = "$(inherited) @executable_path/Frameworks";
				PRODUCT_BUNDLE_IDENTIFIER = com.zhileiz.pwcs;
				PRODUCT_NAME = "$(TARGET_NAME)";
				SWIFT_VERSION = 4.0;
				TARGETED_DEVICE_FAMILY = 1;
			};
			name = Debug;
		};
		CF573C4B200C71F400A980CC /* Release */ = {
			isa = XCBuildConfiguration;
			baseConfigurationReference = 962FD34CD960603B63DAF917 /* Pods-pwcs.release.xcconfig */;
			buildSettings = {
				ASSETCATALOG_COMPILER_APPICON_NAME = AppIcon;
				CODE_SIGN_STYLE = Automatic;
				DEVELOPMENT_TEAM = PL4U52EEV4;
				INFOPLIST_FILE = pwcs/Info.plist;
				LD_RUNPATH_SEARCH_PATHS = "$(inherited) @executable_path/Frameworks";
				PRODUCT_BUNDLE_IDENTIFIER = com.zhileiz.pwcs;
				PRODUCT_NAME = "$(TARGET_NAME)";
				SWIFT_VERSION = 4.0;
				TARGETED_DEVICE_FAMILY = 1;
			};
			name = Release;
		};
/* End XCBuildConfiguration section */

/* Begin XCConfigurationList section */
		CF573C32200C71F400A980CC /* Build configuration list for PBXProject "pwcs" */ = {
			isa = XCConfigurationList;
			buildConfigurations = (
				CF573C47200C71F400A980CC /* Debug */,
				CF573C48200C71F400A980CC /* Release */,
			);
			defaultConfigurationIsVisible = 0;
			defaultConfigurationName = Release;
		};
		CF573C49200C71F400A980CC /* Build configuration list for PBXNativeTarget "pwcs" */ = {
			isa = XCConfigurationList;
			buildConfigurations = (
				CF573C4A200C71F400A980CC /* Debug */,
				CF573C4B200C71F400A980CC /* Release */,
			);
			defaultConfigurationIsVisible = 0;
			defaultConfigurationName = Release;
		};
/* End XCConfigurationList section */
	};
	rootObject = CF573C2F200C71F400A980CC /* Project object */;
}
